PODS:
  - IQKeyboardManagerSwift (7.1.1)
  - SDWebImage (5.19.7):
    - SDWebImage/Core (= 5.19.7)
  - SDWebImage/Core (5.19.7)
  - SVProgressHUD (2.3.1):
    - SVProgressHUD/Core (= 2.3.1)
  - SVProgressHUD/Core (2.3.1)

DEPENDENCIES:
  - IQKeyboardManagerSwift
  - SDWebImage
  - SVProgressHUD

SPEC REPOS:
  trunk:
    - IQKeyboardManagerSwift
    - SDWebImage
    - SVProgressHUD

SPEC CHECKSUMS:
  IQKeyboardManagerSwift: d7f3d3a562c237a0e7335e657cd598c452f57f1b
  SDWebImage: 8a6b7b160b4d710e2a22b6900e25301075c34cb3
  SVProgressHUD: 4837c74bdfe2e51e8821c397825996a8d7de6e22

PODFILE CHECKSUM: 4ff1922b5a068b2af262148c641e8c037efc4bc3

COCOAPODS: 1.15.2
